
Microsoft Visual Studio Solution File, Format Version 12.00
# Visual Studio Version 17
VisualStudioVersion = 17.6.33829.357
MinimumVisualStudioVersion = 10.0.40219.1
Project("{FAE04EC0-301F-11D3-BF4B-00C04F79EFBC}") = "MOBİLE BANK", "MOBİLE BANK\MOBİLE BANK.csproj", "{E75B24E9-8D24-4E44-938C-1C1BD5FDE0BB}"
EndProject
Global
	GlobalSection(SolutionConfigurationPlatforms) = preSolution
		Debug|Any CPU = Debug|Any CPU
		Release|Any CPU = Release|Any CPU
	EndGlobalSection
	GlobalSection(ProjectConfigurationPlatforms) = postSolution
		{E75B24E9-8D24-4E44-938C-1C1BD5FDE0BB}.Debug|Any CPU.ActiveCfg = Debug|Any CPU
		{E75B24E9-8D24-4E44-938C-1C1BD5FDE0BB}.Debug|Any CPU.Build.0 = Debug|Any CPU
		{E75B24E9-8D24-4E44-938C-1C1BD5FDE0BB}.Release|Any CPU.ActiveCfg = Release|Any CPU
		{E75B24E9-8D24-4E44-938C-1C1BD5FDE0BB}.Release|Any CPU.Build.0 = Release|Any CPU
	EndGlobalSection
	GlobalSection(SolutionProperties) = preSolution
		HideSolutionNode = FALSE
	EndGlobalSection
	GlobalSection(ExtensibilityGlobals) = postSolution
		SolutionGuid = {9564F2F6-0860-424D-A2AA-59B35FD66986}
	EndGlobalSection
EndGlobal
